
Microsoft Visual Studio Solution File, Format Version 12.00
# Visual Studio Version 17
VisualStudioVersion = 17.6.33829.357
MinimumVisualStudioVersion = 10.0.40219.1
Project("{2150E333-8FDC-42A3-9474-1A3956D46DE8}") = "docs", "docs", "{0918700C-7E89-4004-AE70-A7BB814B5EF0}"
	ProjectSection(SolutionItems) = preProject
		LICENSE = LICENSE
		README.md = README.md
	EndProjectSection
EndProject
Project("{2150E333-8FDC-42A3-9474-1A3956D46DE8}") = "src", "src", "{CD738F1D-39ED-41FE-A4CC-12EA4B5CBF0D}"
EndProject
Project("{2150E333-8FDC-42A3-9474-1A3956D46DE8}") = "tests", "tests", "{40DB77E9-3EFA-4665-9FF0-448A6FA6308E}"
EndProject
Project("{2150E333-8FDC-42A3-9474-1A3956D46DE8}") = "docker", "docker", "{C2B0B178-EFBB-4A2D-B2BB-3C3EF158E1B6}"
	ProjectSection(SolutionItems) = preProject
		docker\docker-compose.yml = docker\docker-compose.yml
	EndProjectSection
EndProject
Project("{FAE04EC0-301F-11D3-BF4B-00C04F79EFBC}") = "Organization.TodoApp.API", "src\Organization.TodoApp.API\Organization.TodoApp.API.csproj", "{6750D2C3-6F15-4949-82CF-0A3E2A6AE61A}"
EndProject
Project("{FAE04EC0-301F-11D3-BF4B-00C04F79EFBC}") = "Organization.TodoApp.Tests", "tests\Organization.TodoApp.Tests\Organization.TodoApp.Tests.csproj", "{85926B79-5760-4F25-90C0-404F060A16B7}"
EndProject
Global
	GlobalSection(SolutionConfigurationPlatforms) = preSolution
		Debug|Any CPU = Debug|Any CPU
		Release|Any CPU = Release|Any CPU
	EndGlobalSection
	GlobalSection(ProjectConfigurationPlatforms) = postSolution
		{6750D2C3-6F15-4949-82CF-0A3E2A6AE61A}.Debug|Any CPU.ActiveCfg = Debug|Any CPU
		{6750D2C3-6F15-4949-82CF-0A3E2A6AE61A}.Debug|Any CPU.Build.0 = Debug|Any CPU
		{6750D2C3-6F15-4949-82CF-0A3E2A6AE61A}.Release|Any CPU.ActiveCfg = Release|Any CPU
		{6750D2C3-6F15-4949-82CF-0A3E2A6AE61A}.Release|Any CPU.Build.0 = Release|Any CPU
		{85926B79-5760-4F25-90C0-404F060A16B7}.Debug|Any CPU.ActiveCfg = Debug|Any CPU
		{85926B79-5760-4F25-90C0-404F060A16B7}.Debug|Any CPU.Build.0 = Debug|Any CPU
		{85926B79-5760-4F25-90C0-404F060A16B7}.Release|Any CPU.ActiveCfg = Release|Any CPU
		{85926B79-5760-4F25-90C0-404F060A16B7}.Release|Any CPU.Build.0 = Release|Any CPU
	EndGlobalSection
	GlobalSection(SolutionProperties) = preSolution
		HideSolutionNode = FALSE
	EndGlobalSection
	GlobalSection(NestedProjects) = preSolution
		{6750D2C3-6F15-4949-82CF-0A3E2A6AE61A} = {CD738F1D-39ED-41FE-A4CC-12EA4B5CBF0D}
		{85926B79-5760-4F25-90C0-404F060A16B7} = {40DB77E9-3EFA-4665-9FF0-448A6FA6308E}
	EndGlobalSection
	GlobalSection(ExtensibilityGlobals) = postSolution
		SolutionGuid = {FFEC340C-4BB2-4CC3-B556-9D733B499C9A}
	EndGlobalSection
EndGlobal
