
Microsoft Visual Studio Solution File, Format Version 12.00
# Visual Studio Version 17
VisualStudioVersion = 17.2.32602.215
MinimumVisualStudioVersion = 10.0.40219.1
Project("{9A19103F-16F7-4668-BE54-9A1E7A4F7556}") = "Example.CleanArchitecture.API", "Example.CleanArchitecture.API\Example.CleanArchitecture.API.csproj", "{49FA37EE-B9DB-4B16-8132-C20ADCD7ECD9}"
EndProject
Project("{9A19103F-16F7-4668-BE54-9A1E7A4F7556}") = "Example.CleanArchitecture.Application", "Example.CleanArchitecture.Application\Example.CleanArchitecture.Application.csproj", "{5D6C17FA-B66B-415F-93BC-60064FABDB7F}"
EndProject
Project("{9A19103F-16F7-4668-BE54-9A1E7A4F7556}") = "Example.CleanArchitecture.Core", "Example.CleanArchitecture.Core\Example.CleanArchitecture.Core.csproj", "{1F9E5348-8615-4BAD-8399-31C6EA76F33A}"
EndProject
Project("{9A19103F-16F7-4668-BE54-9A1E7A4F7556}") = "Example.CleanArchitecture.Infrastructure", "Example.CleanArchitecture.Infrastructure\Example.CleanArchitecture.Infrastructure.csproj", "{2567B594-3F7F-4E32-8A45-2525A0BDE793}"
EndProject
Project("{9A19103F-16F7-4668-BE54-9A1E7A4F7556}") = "Example.CleanArchitecture.UnitTests", "Example.CleanArchitecture.UnitTests\Example.CleanArchitecture.UnitTests.csproj", "{AE6638B4-C29D-4301-9F64-AF9C9D325C86}"
EndProject
Project("{9A19103F-16F7-4668-BE54-9A1E7A4F7556}") = "Example.CleanArchitecture.IntegrationTests", "Example.CleanArchitecture.IntegrationTests\Example.CleanArchitecture.IntegrationTests.csproj", "{9C03417E-47ED-4EBB-A2B1-4C2ED2FEE447}"
EndProject
Project("{2150E333-8FDC-42A3-9474-1A3956D46DE8}") = "src", "src", "{DE50DCBB-830B-4C89-9A13-DEA4DCFF1982}"
EndProject
Project("{2150E333-8FDC-42A3-9474-1A3956D46DE8}") = "tests", "tests", "{1B174C3E-6018-4761-BFA4-BE792ED2CC20}"
EndProject
Global
	GlobalSection(SolutionConfigurationPlatforms) = preSolution
		Debug|Any CPU = Debug|Any CPU
		Release|Any CPU = Release|Any CPU
	EndGlobalSection
	GlobalSection(ProjectConfigurationPlatforms) = postSolution
		{49FA37EE-B9DB-4B16-8132-C20ADCD7ECD9}.Debug|Any CPU.ActiveCfg = Debug|Any CPU
		{49FA37EE-B9DB-4B16-8132-C20ADCD7ECD9}.Debug|Any CPU.Build.0 = Debug|Any CPU
		{49FA37EE-B9DB-4B16-8132-C20ADCD7ECD9}.Release|Any CPU.ActiveCfg = Release|Any CPU
		{49FA37EE-B9DB-4B16-8132-C20ADCD7ECD9}.Release|Any CPU.Build.0 = Release|Any CPU
		{5D6C17FA-B66B-415F-93BC-60064FABDB7F}.Debug|Any CPU.ActiveCfg = Debug|Any CPU
		{5D6C17FA-B66B-415F-93BC-60064FABDB7F}.Debug|Any CPU.Build.0 = Debug|Any CPU
		{5D6C17FA-B66B-415F-93BC-60064FABDB7F}.Release|Any CPU.ActiveCfg = Release|Any CPU
		{5D6C17FA-B66B-415F-93BC-60064FABDB7F}.Release|Any CPU.Build.0 = Release|Any CPU
		{1F9E5348-8615-4BAD-8399-31C6EA76F33A}.Debug|Any CPU.ActiveCfg = Debug|Any CPU
		{1F9E5348-8615-4BAD-8399-31C6EA76F33A}.Debug|Any CPU.Build.0 = Debug|Any CPU
		{1F9E5348-8615-4BAD-8399-31C6EA76F33A}.Release|Any CPU.ActiveCfg = Release|Any CPU
		{1F9E5348-8615-4BAD-8399-31C6EA76F33A}.Release|Any CPU.Build.0 = Release|Any CPU
		{2567B594-3F7F-4E32-8A45-2525A0BDE793}.Debug|Any CPU.ActiveCfg = Debug|Any CPU
		{2567B594-3F7F-4E32-8A45-2525A0BDE793}.Debug|Any CPU.Build.0 = Debug|Any CPU
		{2567B594-3F7F-4E32-8A45-2525A0BDE793}.Release|Any CPU.ActiveCfg = Release|Any CPU
		{2567B594-3F7F-4E32-8A45-2525A0BDE793}.Release|Any CPU.Build.0 = Release|Any CPU
		{AE6638B4-C29D-4301-9F64-AF9C9D325C86}.Debug|Any CPU.ActiveCfg = Debug|Any CPU
		{AE6638B4-C29D-4301-9F64-AF9C9D325C86}.Debug|Any CPU.Build.0 = Debug|Any CPU
		{AE6638B4-C29D-4301-9F64-AF9C9D325C86}.Release|Any CPU.ActiveCfg = Release|Any CPU
		{AE6638B4-C29D-4301-9F64-AF9C9D325C86}.Release|Any CPU.Build.0 = Release|Any CPU
		{9C03417E-47ED-4EBB-A2B1-4C2ED2FEE447}.Debug|Any CPU.ActiveCfg = Debug|Any CPU
		{9C03417E-47ED-4EBB-A2B1-4C2ED2FEE447}.Debug|Any CPU.Build.0 = Debug|Any CPU
		{9C03417E-47ED-4EBB-A2B1-4C2ED2FEE447}.Release|Any CPU.ActiveCfg = Release|Any CPU
		{9C03417E-47ED-4EBB-A2B1-4C2ED2FEE447}.Release|Any CPU.Build.0 = Release|Any CPU
	EndGlobalSection
	GlobalSection(SolutionProperties) = preSolution
		HideSolutionNode = FALSE
	EndGlobalSection
	GlobalSection(NestedProjects) = preSolution
		{49FA37EE-B9DB-4B16-8132-C20ADCD7ECD9} = {DE50DCBB-830B-4C89-9A13-DEA4DCFF1982}
		{5D6C17FA-B66B-415F-93BC-60064FABDB7F} = {DE50DCBB-830B-4C89-9A13-DEA4DCFF1982}
		{1F9E5348-8615-4BAD-8399-31C6EA76F33A} = {DE50DCBB-830B-4C89-9A13-DEA4DCFF1982}
		{2567B594-3F7F-4E32-8A45-2525A0BDE793} = {DE50DCBB-830B-4C89-9A13-DEA4DCFF1982}
		{AE6638B4-C29D-4301-9F64-AF9C9D325C86} = {1B174C3E-6018-4761-BFA4-BE792ED2CC20}
		{9C03417E-47ED-4EBB-A2B1-4C2ED2FEE447} = {1B174C3E-6018-4761-BFA4-BE792ED2CC20}
	EndGlobalSection
	GlobalSection(ExtensibilityGlobals) = postSolution
		SolutionGuid = {BA8AB4F4-F7B7-420B-B93B-1F145CF86514}
	EndGlobalSection
EndGlobal
